
Microsoft Visual Studio Solution File, Format Version 12.00
# Visual Studio Version 16
VisualStudioVersion = 16.0.31729.503
MinimumVisualStudioVersion = 10.0.40219.1
Project("{FAE04EC0-301F-11D3-BF4B-00C04F79EFBC}") = "CabInvoiceGenerator", "CabInvoiceGenerator.csproj", "{00122D47-C70D-4ED4-9FB2-0C9DAEAF07B7}"
EndProject
Project("{FAE04EC0-301F-11D3-BF4B-00C04F79EFBC}") = "CabInvoiceGeneratorTest", "..\CabInvoiceGeneratorTest\CabInvoiceGeneratorTest.csproj", "{7DFCFEF7-612B-4D67-926D-03CFBF3106AE}"
EndProject
Global
	GlobalSection(SolutionConfigurationPlatforms) = preSolution
		Debug|Any CPU = Debug|Any CPU
		Release|Any CPU = Release|Any CPU
	EndGlobalSection
	GlobalSection(ProjectConfigurationPlatforms) = postSolution
		{00122D47-C70D-4ED4-9FB2-0C9DAEAF07B7}.Debug|Any CPU.ActiveCfg = Debug|Any CPU
		{00122D47-C70D-4ED4-9FB2-0C9DAEAF07B7}.Debug|Any CPU.Build.0 = Debug|Any CPU
		{00122D47-C70D-4ED4-9FB2-0C9DAEAF07B7}.Release|Any CPU.ActiveCfg = Release|Any CPU
		{00122D47-C70D-4ED4-9FB2-0C9DAEAF07B7}.Release|Any CPU.Build.0 = Release|Any CPU
		{7DFCFEF7-612B-4D67-926D-03CFBF3106AE}.Debug|Any CPU.ActiveCfg = Debug|Any CPU
		{7DFCFEF7-612B-4D67-926D-03CFBF3106AE}.Debug|Any CPU.Build.0 = Debug|Any CPU
		{7DFCFEF7-612B-4D67-926D-03CFBF3106AE}.Release|Any CPU.ActiveCfg = Release|Any CPU
		{7DFCFEF7-612B-4D67-926D-03CFBF3106AE}.Release|Any CPU.Build.0 = Release|Any CPU
	EndGlobalSection
	GlobalSection(SolutionProperties) = preSolution
		HideSolutionNode = FALSE
	EndGlobalSection
	GlobalSection(ExtensibilityGlobals) = postSolution
		SolutionGuid = {911AA2FB-4961-4E47-882F-6A7DD8266D30}
	EndGlobalSection
EndGlobal
